// !$*UTF8*$!
{
	archiveVersion = 1;
	classes = {
	};
	objectVersion = 55;
	objects = {

/* Begin PBXBuildFile section */
		69BC70A92BF2BFDE007716A6 /* AppDelegate.swift in Sources */ = {isa = PBXBuildFile; fileRef = 69BC70A82BF2BFDE007716A6 /* AppDelegate.swift */; };
		69BC70AB2BF2BFDE007716A6 /* SceneDelegate.swift in Sources */ = {isa = PBXBuildFile; fileRef = 69BC70AA2BF2BFDE007716A6 /* SceneDelegate.swift */; };
		69BC70AD2BF2BFDE007716A6 /* ViewController.swift in Sources */ = {isa = PBXBuildFile; fileRef = 69BC70AC2BF2BFDE007716A6 /* ViewController.swift */; };
		69BC70B02BF2BFDE007716A6 /* Main.storyboard in Resources */ = {isa = PBXBuildFile; fileRef = 69BC70AE2BF2BFDE007716A6 /* Main.storyboard */; };
		69BC70B32BF2BFDE007716A6 /* VilcaSoundBoard.xcdatamodeld in Sources */ = {isa = PBXBuildFile; fileRef = 69BC70B12BF2BFDE007716A6 /* VilcaSoundBoard.xcdatamodeld */; };
		69BC70B52BF2BFDF007716A6 /* Assets.xcassets in Resources */ = {isa = PBXBuildFile; fileRef = 69BC70B42BF2BFDF007716A6 /* Assets.xcassets */; };
		69BC70B82BF2BFDF007716A6 /* LaunchScreen.storyboard in Resources */ = {isa = PBXBuildFile; fileRef = 69BC70B62BF2BFDF007716A6 /* LaunchScreen.storyboard */; };
		69BC70C02BF2C958007716A6 /* SoundViewController.swift in Sources */ = {isa = PBXBuildFile; fileRef = 69BC70BF2BF2C958007716A6 /* SoundViewController.swift */; };
/* End PBXBuildFile section */

/* Begin PBXFileReference section */
		69BC70A52BF2BFDE007716A6 /* VilcaSoundBoard.app */ = {isa = PBXFileReference; explicitFileType = wrapper.application; includeInIndex = 0; path = VilcaSoundBoard.app; sourceTree = BUILT_PRODUCTS_DIR; };
		69BC70A82BF2BFDE007716A6 /* AppDelegate.swift */ = {isa = PBXFileReference; lastKnownFileType = sourcecode.swift; path = AppDelegate.swift; sourceTree = "<group>"; };
		69BC70AA2BF2BFDE007716A6 /* SceneDelegate.swift */ = {isa = PBXFileReference; lastKnownFileType = sourcecode.swift; path = SceneDelegate.swift; sourceTree = "<group>"; };
		69BC70AC2BF2BFDE007716A6 /* ViewController.swift */ = {isa = PBXFileReference; lastKnownFileType = sourcecode.swift; path = ViewController.swift; sourceTree = "<group>"; };
		69BC70AF2BF2BFDE007716A6 /* Base */ = {isa = PBXFileReference; lastKnownFileType = file.storyboard; name = Base; path = Base.lproj/Main.storyboard; sourceTree = "<group>"; };
		69BC70B22BF2BFDE007716A6 /* VilcaSoundBoard.xcdatamodel */ = {isa = PBXFileReference; lastKnownFileType = wrapper.xcdatamodel; path = VilcaSoundBoard.xcdatamodel; sourceTree = "<group>"; };
		69BC70B42BF2BFDF007716A6 /* Assets.xcassets */ = {isa = PBXFileReference; lastKnownFileType = folder.assetcatalog; path = Assets.xcassets; sourceTree = "<group>"; };
		69BC70B72BF2BFDF007716A6 /* Base */ = {isa = PBXFileReference; lastKnownFileType = file.storyboard; name = Base; path = Base.lproj/LaunchScreen.storyboard; sourceTree = "<group>"; };
		69BC70B92BF2BFDF007716A6 /* Info.plist */ = {isa = PBXFileReference; lastKnownFileType = text.plist.xml; path = Info.plist; sourceTree = "<group>"; };
		69BC70BF2BF2C958007716A6 /* SoundViewController.swift */ = {isa = PBXFileReference; lastKnownFileType = sourcecode.swift; path = SoundViewController.swift; sourceTree = "<group>"; };
/* End PBXFileReference section */

/* Begin PBXFrameworksBuildPhase section */
		69BC70A22BF2BFDE007716A6 /* Frameworks */ = {
			isa = PBXFrameworksBuildPhase;
			buildActionMask = 2147483647;
			files = (
			);
			runOnlyForDeploymentPostprocessing = 0;
		};
/* End PBXFrameworksBuildPhase section */

/* Begin PBXGroup section */
		69BC709C2BF2BFDE007716A6 = {
			isa = PBXGroup;
			children = (
				69BC70A72BF2BFDE007716A6 /* VilcaSoundBoard */,
				69BC70A62BF2BFDE007716A6 /* Products */,
			);
			sourceTree = "<group>";
		};
		69BC70A62BF2BFDE007716A6 /* Products */ = {
			isa = PBXGroup;
			children = (
				69BC70A52BF2BFDE007716A6 /* VilcaSoundBoard.app */,
			);
			name = Products;
			sourceTree = "<group>";
		};
		69BC70A72BF2BFDE007716A6 /* VilcaSoundBoard */ = {
			isa = PBXGroup;
			children = (
				69BC70BF2BF2C958007716A6 /* SoundViewController.swift */,
				69BC70A82BF2BFDE007716A6 /* AppDelegate.swift */,
				69BC70AA2BF2BFDE007716A6 /* SceneDelegate.swift */,
				69BC70AC2BF2BFDE007716A6 /* ViewController.swift */,
				69BC70AE2BF2BFDE007716A6 /* Main.storyboard */,
				69BC70B42BF2BFDF007716A6 /* Assets.xcassets */,
				69BC70B62BF2BFDF007716A6 /* LaunchScreen.storyboard */,
				69BC70B92BF2BFDF007716A6 /* Info.plist */,
				69BC70B12BF2BFDE007716A6 /* VilcaSoundBoard.xcdatamodeld */,
			);
			path = VilcaSoundBoard;
			sourceTree = "<group>";
		};
/* End PBXGroup section */

/* Begin PBXNativeTarget section */
		69BC70A42BF2BFDE007716A6 /* VilcaSoundBoard */ = {
			isa = PBXNativeTarget;
			buildConfigurationList = 69BC70BC2BF2BFDF007716A6 /* Build configuration list for PBXNativeTarget "VilcaSoundBoard" */;
			buildPhases = (
				69BC70A12BF2BFDE007716A6 /* Sources */,
				69BC70A22BF2BFDE007716A6 /* Frameworks */,
				69BC70A32BF2BFDE007716A6 /* Resources */,
			);
			buildRules = (
			);
			dependencies = (
			);
			name = VilcaSoundBoard;
			productName = VilcaSoundBoard;
			productReference = 69BC70A52BF2BFDE007716A6 /* VilcaSoundBoard.app */;
			productType = "com.apple.product-type.application";
		};
/* End PBXNativeTarget section */

/* Begin PBXProject section */
		69BC709D2BF2BFDE007716A6 /* Project object */ = {
			isa = PBXProject;
			attributes = {
				BuildIndependentTargetsInParallel = 1;
				LastSwiftUpdateCheck = 1340;
				LastUpgradeCheck = 1340;
				TargetAttributes = {
					69BC70A42BF2BFDE007716A6 = {
						CreatedOnToolsVersion = 13.4.1;
					};
				};
			};
			buildConfigurationList = 69BC70A02BF2BFDE007716A6 /* Build configuration list for PBXProject "VilcaSoundBoard" */;
			compatibilityVersion = "Xcode 13.0";
			developmentRegion = en;
			hasScannedForEncodings = 0;
			knownRegions = (
				en,
				Base,
			);
			mainGroup = 69BC709C2BF2BFDE007716A6;
			productRefGroup = 69BC70A62BF2BFDE007716A6 /* Products */;
			projectDirPath = "";
			projectRoot = "";
			targets = (
				69BC70A42BF2BFDE007716A6 /* VilcaSoundBoard */,
			);
		};
/* End PBXProject section */

/* Begin PBXResourcesBuildPhase section */
		69BC70A32BF2BFDE007716A6 /* Resources */ = {
			isa = PBXResourcesBuildPhase;
			buildActionMask = 2147483647;
			files = (
				69BC70B82BF2BFDF007716A6 /* LaunchScreen.storyboard in Resources */,
				69BC70B52BF2BFDF007716A6 /* Assets.xcassets in Resources */,
				69BC70B02BF2BFDE007716A6 /* Main.storyboard in Resources */,
			);
			runOnlyForDeploymentPostprocessing = 0;
		};
/* End PBXResourcesBuildPhase section */

/* Begin PBXSourcesBuildPhase section */
		69BC70A12BF2BFDE007716A6 /* Sources */ = {
			isa = PBXSourcesBuildPhase;
			buildActionMask = 2147483647;
			files = (
				69BC70B32BF2BFDE007716A6 /* VilcaSoundBoard.xcdatamodeld in Sources */,
				69BC70AD2BF2BFDE007716A6 /* ViewController.swift in Sources */,
				69BC70A92BF2BFDE007716A6 /* AppDelegate.swift in Sources */,
				69BC70AB2BF2BFDE007716A6 /* SceneDelegate.swift in Sources */,
				69BC70C02BF2C958007716A6 /* SoundViewController.swift in Sources */,
			);
			runOnlyForDeploymentPostprocessing = 0;
		};
/* End PBXSourcesBuildPhase section */

/* Begin PBXVariantGroup section */
		69BC70AE2BF2BFDE007716A6 /* Main.storyboard */ = {
			isa = PBXVariantGroup;
			children = (
				69BC70AF2BF2BFDE007716A6 /* Base */,
			);
			name = Main.storyboard;
			sourceTree = "<group>";
		};
		69BC70B62BF2BFDF007716A6 /* LaunchScreen.storyboard */ = {
			isa = PBXVariantGroup;
			children = (
				69BC70B72BF2BFDF007716A6 /* Base */,
			);
			name = LaunchScreen.storyboard;
			sourceTree = "<group>";
		};
/* End PBXVariantGroup section */

/* Begin XCBuildConfiguration section */
		69BC70BA2BF2BFDF007716A6 /* Debug */ = {
			isa = XCBuildConfiguration;
			buildSettings = {
				ALWAYS_SEARCH_USER_PATHS = NO;
				CLANG_ANALYZER_NONNULL = YES;
				CLANG_ANALYZER_NUMBER_OBJECT_CONVERSION = YES_AGGRESSIVE;
				CLANG_CXX_LANGUAGE_STANDARD = "gnu++17";
				CLANG_ENABLE_MODULES = YES;
				CLANG_ENABLE_OBJC_ARC = YES;
				CLANG_ENABLE_OBJC_WEAK = YES;
				CLANG_WARN_BLOCK_CAPTURE_AUTORELEASING = YES;
				CLANG_WARN_BOOL_CONVERSION = YES;
				CLANG_WARN_COMMA = YES;
				CLANG_WARN_CONSTANT_CONVERSION = YES;
				CLANG_WARN_DEPRECATED_OBJC_IMPLEMENTATIONS = YES;
				CLANG_WARN_DIRECT_OBJC_ISA_USAGE = YES_ERROR;
				CLANG_WARN_DOCUMENTATION_COMMENTS = YES;
				CLANG_WARN_EMPTY_BODY = YES;
				CLANG_WARN_ENUM_CONVERSION = YES;
				CLANG_WARN_INFINITE_RECURSION = YES;
				CLANG_WARN_INT_CONVERSION = YES;
				CLANG_WARN_NON_LITERAL_NULL_CONVERSION = YES;
				CLANG_WARN_OBJC_IMPLICIT_RETAIN_SELF = YES;
				CLANG_WARN_OBJC_LITERAL_CONVERSION = YES;
				CLANG_WARN_OBJC_ROOT_CLASS = YES_ERROR;
				CLANG_WARN_QUOTED_INCLUDE_IN_FRAMEWORK_HEADER = YES;
				CLANG_WARN_RANGE_LOOP_ANALYSIS = YES;
				CLANG_WARN_STRICT_PROTOTYPES = YES;
				CLANG_WARN_SUSPICIOUS_MOVE = YES;
				CLANG_WARN_UNGUARDED_AVAILABILITY = YES_AGGRESSIVE;
				CLANG_WARN_UNREACHABLE_CODE = YES;
				CLANG_WARN__DUPLICATE_METHOD_MATCH = YES;
				COPY_PHASE_STRIP = NO;
				DEBUG_INFORMATION_FORMAT = dwarf;
				ENABLE_STRICT_OBJC_MSGSEND = YES;
				ENABLE_TESTABILITY = YES;
				GCC_C_LANGUAGE_STANDARD = gnu11;
				GCC_DYNAMIC_NO_PIC = NO;
				GCC_NO_COMMON_BLOCKS = YES;
				GCC_OPTIMIZATION_LEVEL = 0;
				GCC_PREPROCESSOR_DEFINITIONS = (
					"DEBUG=1",
					"$(inherited)",
				);
				GCC_WARN_64_TO_32_BIT_CONVERSION = YES;
				GCC_WARN_ABOUT_RETURN_TYPE = YES_ERROR;
				GCC_WARN_UNDECLARED_SELECTOR = YES;
				GCC_WARN_UNINITIALIZED_AUTOS = YES_AGGRESSIVE;
				GCC_WARN_UNUSED_FUNCTION = YES;
				GCC_WARN_UNUSED_VARIABLE = YES;
				IPHONEOS_DEPLOYMENT_TARGET = 15.5;
				MTL_ENABLE_DEBUG_INFO = INCLUDE_SOURCE;
				MTL_FAST_MATH = YES;
				ONLY_ACTIVE_ARCH = YES;
				SDKROOT = iphoneos;
				SWIFT_ACTIVE_COMPILATION_CONDITIONS = DEBUG;
				SWIFT_OPTIMIZATION_LEVEL = "-Onone";
			};
			name = Debug;
		};
		69BC70BB2BF2BFDF007716A6 /* Release */ = {
			isa = XCBuildConfiguration;
			buildSettings = {
				ALWAYS_SEARCH_USER_PATHS = NO;
				CLANG_ANALYZER_NONNULL = YES;
				CLANG_ANALYZER_NUMBER_OBJECT_CONVERSION = YES_AGGRESSIVE;
				CLANG_CXX_LANGUAGE_STANDARD = "gnu++17";
				CLANG_ENABLE_MODULES = YES;
				CLANG_ENABLE_OBJC_ARC = YES;
				CLANG_ENABLE_OBJC_WEAK = YES;
				CLANG_WARN_BLOCK_CAPTURE_AUTORELEASING = YES;
				CLANG_WARN_BOOL_CONVERSION = YES;
				CLANG_WARN_COMMA = YES;
				CLANG_WARN_CONSTANT_CONVERSION = YES;
				CLANG_WARN_DEPRECATED_OBJC_IMPLEMENTATIONS = YES;
				CLANG_WARN_DIRECT_OBJC_ISA_USAGE = YES_ERROR;
				CLANG_WARN_DOCUMENTATION_COMMENTS = YES;
				CLANG_WARN_EMPTY_BODY = YES;
				CLANG_WARN_ENUM_CONVERSION = YES;
				CLANG_WARN_INFINITE_RECURSION = YES;
				CLANG_WARN_INT_CONVERSION = YES;
				CLANG_WARN_NON_LITERAL_NULL_CONVERSION = YES;
				CLANG_WARN_OBJC_IMPLICIT_RETAIN_SELF = YES;
				CLANG_WARN_OBJC_LITERAL_CONVERSION = YES;
				CLANG_WARN_OBJC_ROOT_CLASS = YES_ERROR;
				CLANG_WARN_QUOTED_INCLUDE_IN_FRAMEWORK_HEADER = YES;
				CLANG_WARN_RANGE_LOOP_ANALYSIS = YES;
				CLANG_WARN_STRICT_PROTOTYPES = YES;
				CLANG_WARN_SUSPICIOUS_MOVE = YES;
				CLANG_WARN_UNGUARDED_AVAILABILITY = YES_AGGRESSIVE;
				CLANG_WARN_UNREACHABLE_CODE = YES;
				CLANG_WARN__DUPLICATE_METHOD_MATCH = YES;
				COPY_PHASE_STRIP = NO;
				DEBUG_INFORMATION_FORMAT = "dwarf-with-dsym";
				ENABLE_NS_ASSERTIONS = NO;
				ENABLE_STRICT_OBJC_MSGSEND = YES;
				GCC_C_LANGUAGE_STANDARD = gnu11;
				GCC_NO_COMMON_BLOCKS = YES;
				GCC_WARN_64_TO_32_BIT_CONVERSION = YES;
				GCC_WARN_ABOUT_RETURN_TYPE = YES_ERROR;
				GCC_WARN_UNDECLARED_SELECTOR = YES;
				GCC_WARN_UNINITIALIZED_AUTOS = YES_AGGRESSIVE;
				GCC_WARN_UNUSED_FUNCTION = YES;
				GCC_WARN_UNUSED_VARIABLE = YES;
				IPHONEOS_DEPLOYMENT_TARGET = 15.5;
				MTL_ENABLE_DEBUG_INFO = NO;
				MTL_FAST_MATH = YES;
				SDKROOT = iphoneos;
				SWIFT_COMPILATION_MODE = wholemodule;
				SWIFT_OPTIMIZATION_LEVEL = "-O";
				VALIDATE_PRODUCT = YES;
			};
			name = Release;
		};
		69BC70BD2BF2BFDF007716A6 /* Debug */ = {
			isa = XCBuildConfiguration;
			buildSettings = {
				ASSETCATALOG_COMPILER_APPICON_NAME = AppIcon;
				ASSETCATALOG_COMPILER_GLOBAL_ACCENT_COLOR_NAME = AccentColor;
				CODE_SIGN_STYLE = Automatic;
				CURRENT_PROJECT_VERSION = 1;
				GENERATE_INFOPLIST_FILE = YES;
				INFOPLIST_FILE = VilcaSoundBoard/Info.plist;
				INFOPLIST_KEY_UIApplicationSupportsIndirectInputEvents = YES;
				INFOPLIST_KEY_UILaunchStoryboardName = LaunchScreen;
				INFOPLIST_KEY_UIMainStoryboardFile = Main;
				INFOPLIST_KEY_UISupportedInterfaceOrientations_iPad = "UIInterfaceOrientationPortrait UIInterfaceOrientationPortraitUpsideDown UIInterfaceOrientationLandscapeLeft UIInterfaceOrientationLandscapeRight";
				INFOPLIST_KEY_UISupportedInterfaceOrientations_iPhone = "UIInterfaceOrientationPortrait UIInterfaceOrientationLandscapeLeft UIInterfaceOrientationLandscapeRight";
				LD_RUNPATH_SEARCH_PATHS = (
					"$(inherited)",
					"@executable_path/Frameworks",
				);
				MARKETING_VERSION = 1.0;
				PRODUCT_BUNDLE_IDENTIFIER = deah.VilcaSoundBoard;
				PRODUCT_NAME = "$(TARGET_NAME)";
				SWIFT_EMIT_LOC_STRINGS = YES;
				SWIFT_VERSION = 5.0;
				TARGETED_DEVICE_FAMILY = "1,2";
			};
			name = Debug;
		};
		69BC70BE2BF2BFDF007716A6 /* Release */ = {
			isa = XCBuildConfiguration;
			buildSettings = {
				ASSETCATALOG_COMPILER_APPICON_NAME = AppIcon;
				ASSETCATALOG_COMPILER_GLOBAL_ACCENT_COLOR_NAME = AccentColor;
				CODE_SIGN_STYLE = Automatic;
				CURRENT_PROJECT_VERSION = 1;
				GENERATE_INFOPLIST_FILE = YES;
				INFOPLIST_FILE = VilcaSoundBoard/Info.plist;
				INFOPLIST_KEY_UIApplicationSupportsIndirectInputEvents = YES;
				INFOPLIST_KEY_UILaunchStoryboardName = LaunchScreen;
				INFOPLIST_KEY_UIMainStoryboardFile = Main;
				INFOPLIST_KEY_UISupportedInterfaceOrientations_iPad = "UIInterfaceOrientationPortrait UIInterfaceOrientationPortraitUpsideDown UIInterfaceOrientationLandscapeLeft UIInterfaceOrientationLandscapeRight";
				INFOPLIST_KEY_UISupportedInterfaceOrientations_iPhone = "UIInterfaceOrientationPortrait UIInterfaceOrientationLandscapeLeft UIInterfaceOrientationLandscapeRight";
				LD_RUNPATH_SEARCH_PATHS = (
					"$(inherited)",
					"@executable_path/Frameworks",
				);
				MARKETING_VERSION = 1.0;
				PRODUCT_BUNDLE_IDENTIFIER = deah.VilcaSoundBoard;
				PRODUCT_NAME = "$(TARGET_NAME)";
				SWIFT_EMIT_LOC_STRINGS = YES;
				SWIFT_VERSION = 5.0;
				TARGETED_DEVICE_FAMILY = "1,2";
			};
			name = Release;
		};
/* End XCBuildConfiguration section */

/* Begin XCConfigurationList section */
		69BC70A02BF2BFDE007716A6 /* Build configuration list for PBXProject "VilcaSoundBoard" */ = {
			isa = XCConfigurationList;
			buildConfigurations = (
				69BC70BA2BF2BFDF007716A6 /* Debug */,
				69BC70BB2BF2BFDF007716A6 /* Release */,
			);
			defaultConfigurationIsVisible = 0;
			defaultConfigurationName = Release;
		};
		69BC70BC2BF2BFDF007716A6 /* Build configuration list for PBXNativeTarget "VilcaSoundBoard" */ = {
			isa = XCConfigurationList;
			buildConfigurations = (
				69BC70BD2BF2BFDF007716A6 /* Debug */,
				69BC70BE2BF2BFDF007716A6 /* Release */,
			);
			defaultConfigurationIsVisible = 0;
			defaultConfigurationName = Release;
		};
/* End XCConfigurationList section */

/* Begin XCVersionGroup section */
		69BC70B12BF2BFDE007716A6 /* VilcaSoundBoard.xcdatamodeld */ = {
			isa = XCVersionGroup;
			children = (
				69BC70B22BF2BFDE007716A6 /* VilcaSoundBoard.xcdatamodel */,
			);
			currentVersion = 69BC70B22BF2BFDE007716A6 /* VilcaSoundBoard.xcdatamodel */;
			path = VilcaSoundBoard.xcdatamodeld;
			sourceTree = "<group>";
			versionGroupType = wrapper.xcdatamodel;
		};
/* End XCVersionGroup section */
	};
	rootObject = 69BC709D2BF2BFDE007716A6 /* Project object */;
}
